
Microsoft Visual Studio Solution File, Format Version 12.00
# Visual Studio Version 16
VisualStudioVersion = 16.0.31019.35
MinimumVisualStudioVersion = 10.0.40219.1
Project("{FAE04EC0-301F-11D3-BF4B-00C04F79EFBC}") = "reversestring", "reversestring.csproj", "{3E527300-2378-49A2-8B42-AE2A9614E52D}"
EndProject
Global
	GlobalSection(SolutionConfigurationPlatforms) = preSolution
		Debug|Any CPU = Debug|Any CPU
		Release|Any CPU = Release|Any CPU
	EndGlobalSection
	GlobalSection(ProjectConfigurationPlatforms) = postSolution
		{3E527300-2378-49A2-8B42-AE2A9614E52D}.Debug|Any CPU.ActiveCfg = Debug|Any CPU
		{3E527300-2378-49A2-8B42-AE2A9614E52D}.Debug|Any CPU.Build.0 = Debug|Any CPU
		{3E527300-2378-49A2-8B42-AE2A9614E52D}.Release|Any CPU.ActiveCfg = Release|Any CPU
		{3E527300-2378-49A2-8B42-AE2A9614E52D}.Release|Any CPU.Build.0 = Release|Any CPU
	EndGlobalSection
	GlobalSection(SolutionProperties) = preSolution
		HideSolutionNode = FALSE
	EndGlobalSection
	GlobalSection(ExtensibilityGlobals) = postSolution
		SolutionGuid = {7B79AE6D-8F11-4D82-ACF7-6A336FAC77DD}
	EndGlobalSection
EndGlobal
